// !$*UTF8*$!
{
	archiveVersion = 1;
	classes = {
	};
	objectVersion = 56;
	objects = {

/* Begin PBXBuildFile section */
		F2CE4BF12AE26D8C009F85F8 /* AppDelegate.swift in Sources */ = {isa = PBXBuildFile; fileRef = F2CE4BF02AE26D8C009F85F8 /* AppDelegate.swift */; };
		F2CE4BF32AE26D8C009F85F8 /* SceneDelegate.swift in Sources */ = {isa = PBXBuildFile; fileRef = F2CE4BF22AE26D8C009F85F8 /* SceneDelegate.swift */; };
		F2CE4BF52AE26D8C009F85F8 /* SearchController.swift in Sources */ = {isa = PBXBuildFile; fileRef = F2CE4BF42AE26D8C009F85F8 /* SearchController.swift */; };
		F2CE4BFA2AE26D91009F85F8 /* Assets.xcassets in Resources */ = {isa = PBXBuildFile; fileRef = F2CE4BF92AE26D91009F85F8 /* Assets.xcassets */; };
		F2CE4BFD2AE26D91009F85F8 /* LaunchScreen.storyboard in Resources */ = {isa = PBXBuildFile; fileRef = F2CE4BFB2AE26D91009F85F8 /* LaunchScreen.storyboard */; };
		F2CE4C092AE26F28009F85F8 /* SearchListView.swift in Sources */ = {isa = PBXBuildFile; fileRef = F2CE4C082AE26F28009F85F8 /* SearchListView.swift */; };
		F2CE4C0C2AE26FE5009F85F8 /* SearchListCell.swift in Sources */ = {isa = PBXBuildFile; fileRef = F2CE4C0B2AE26FE5009F85F8 /* SearchListCell.swift */; };
		F2CE4C0F2AE27215009F85F8 /* Config.swift in Sources */ = {isa = PBXBuildFile; fileRef = F2CE4C0E2AE27215009F85F8 /* Config.swift */; };
		F2CE4C182AE27D1F009F85F8 /* ApiMethod.swift in Sources */ = {isa = PBXBuildFile; fileRef = F2CE4C142AE27D1F009F85F8 /* ApiMethod.swift */; };
		F2CE4C192AE27D1F009F85F8 /* ApiRouter.swift in Sources */ = {isa = PBXBuildFile; fileRef = F2CE4C152AE27D1F009F85F8 /* ApiRouter.swift */; };
		F2CE4C1A2AE27D1F009F85F8 /* ApiServersModel.swift in Sources */ = {isa = PBXBuildFile; fileRef = F2CE4C162AE27D1F009F85F8 /* ApiServersModel.swift */; };
		F2CE4C1B2AE27D1F009F85F8 /* ApiError.swift in Sources */ = {isa = PBXBuildFile; fileRef = F2CE4C172AE27D1F009F85F8 /* ApiError.swift */; };
		F2CE4C1D2AE27E11009F85F8 /* SearchViewModel.swift in Sources */ = {isa = PBXBuildFile; fileRef = F2CE4C1C2AE27E11009F85F8 /* SearchViewModel.swift */; };
		F2CE4C1F2AE27EBB009F85F8 /* RepositoryModel.swift in Sources */ = {isa = PBXBuildFile; fileRef = F2CE4C1E2AE27EBB009F85F8 /* RepositoryModel.swift */; };
		F2CE4C212AE28466009F85F8 /* ApiModel.swift in Sources */ = {isa = PBXBuildFile; fileRef = F2CE4C202AE28466009F85F8 /* ApiModel.swift */; };
		F2CE4C272AE29036009F85F8 /* SDWebImage in Frameworks */ = {isa = PBXBuildFile; productRef = F2CE4C262AE29036009F85F8 /* SDWebImage */; };
		F2CE4C292AE2B681009F85F8 /* DetailController.swift in Sources */ = {isa = PBXBuildFile; fileRef = F2CE4C282AE2B681009F85F8 /* DetailController.swift */; };
		F2CE4C2B2AE2B6BF009F85F8 /* DetailView.swift in Sources */ = {isa = PBXBuildFile; fileRef = F2CE4C2A2AE2B6BF009F85F8 /* DetailView.swift */; };
		F2CE4C2D2AE2BD7D009F85F8 /* Int.swift in Sources */ = {isa = PBXBuildFile; fileRef = F2CE4C2C2AE2BD7D009F85F8 /* Int.swift */; };
/* End PBXBuildFile section */

/* Begin PBXFileReference section */
		F2CE4BED2AE26D8C009F85F8 /* RepositorySearchApp.app */ = {isa = PBXFileReference; explicitFileType = wrapper.application; includeInIndex = 0; path = RepositorySearchApp.app; sourceTree = BUILT_PRODUCTS_DIR; };
		F2CE4BF02AE26D8C009F85F8 /* AppDelegate.swift */ = {isa = PBXFileReference; lastKnownFileType = sourcecode.swift; path = AppDelegate.swift; sourceTree = "<group>"; };
		F2CE4BF22AE26D8C009F85F8 /* SceneDelegate.swift */ = {isa = PBXFileReference; lastKnownFileType = sourcecode.swift; path = SceneDelegate.swift; sourceTree = "<group>"; };
		F2CE4BF42AE26D8C009F85F8 /* SearchController.swift */ = {isa = PBXFileReference; lastKnownFileType = sourcecode.swift; path = SearchController.swift; sourceTree = "<group>"; };
		F2CE4BF92AE26D91009F85F8 /* Assets.xcassets */ = {isa = PBXFileReference; lastKnownFileType = folder.assetcatalog; path = Assets.xcassets; sourceTree = "<group>"; };
		F2CE4BFC2AE26D91009F85F8 /* Base */ = {isa = PBXFileReference; lastKnownFileType = file.storyboard; name = Base; path = Base.lproj/LaunchScreen.storyboard; sourceTree = "<group>"; };
		F2CE4BFE2AE26D91009F85F8 /* Info.plist */ = {isa = PBXFileReference; lastKnownFileType = text.plist.xml; path = Info.plist; sourceTree = "<group>"; };
		F2CE4C082AE26F28009F85F8 /* SearchListView.swift */ = {isa = PBXFileReference; lastKnownFileType = sourcecode.swift; path = SearchListView.swift; sourceTree = "<group>"; };
		F2CE4C0B2AE26FE5009F85F8 /* SearchListCell.swift */ = {isa = PBXFileReference; lastKnownFileType = sourcecode.swift; path = SearchListCell.swift; sourceTree = "<group>"; };
		F2CE4C0E2AE27215009F85F8 /* Config.swift */ = {isa = PBXFileReference; lastKnownFileType = sourcecode.swift; path = Config.swift; sourceTree = "<group>"; };
		F2CE4C142AE27D1F009F85F8 /* ApiMethod.swift */ = {isa = PBXFileReference; fileEncoding = 4; lastKnownFileType = sourcecode.swift; path = ApiMethod.swift; sourceTree = "<group>"; };
		F2CE4C152AE27D1F009F85F8 /* ApiRouter.swift */ = {isa = PBXFileReference; fileEncoding = 4; lastKnownFileType = sourcecode.swift; path = ApiRouter.swift; sourceTree = "<group>"; };
		F2CE4C162AE27D1F009F85F8 /* ApiServersModel.swift */ = {isa = PBXFileReference; fileEncoding = 4; lastKnownFileType = sourcecode.swift; path = ApiServersModel.swift; sourceTree = "<group>"; };
		F2CE4C172AE27D1F009F85F8 /* ApiError.swift */ = {isa = PBXFileReference; fileEncoding = 4; lastKnownFileType = sourcecode.swift; path = ApiError.swift; sourceTree = "<group>"; };
		F2CE4C1C2AE27E11009F85F8 /* SearchViewModel.swift */ = {isa = PBXFileReference; lastKnownFileType = sourcecode.swift; path = SearchViewModel.swift; sourceTree = "<group>"; };
		F2CE4C1E2AE27EBB009F85F8 /* RepositoryModel.swift */ = {isa = PBXFileReference; lastKnownFileType = sourcecode.swift; path = RepositoryModel.swift; sourceTree = "<group>"; };
		F2CE4C202AE28466009F85F8 /* ApiModel.swift */ = {isa = PBXFileReference; lastKnownFileType = sourcecode.swift; path = ApiModel.swift; sourceTree = "<group>"; };
		F2CE4C282AE2B681009F85F8 /* DetailController.swift */ = {isa = PBXFileReference; lastKnownFileType = sourcecode.swift; path = DetailController.swift; sourceTree = "<group>"; };
		F2CE4C2A2AE2B6BF009F85F8 /* DetailView.swift */ = {isa = PBXFileReference; lastKnownFileType = sourcecode.swift; path = DetailView.swift; sourceTree = "<group>"; };
		F2CE4C2C2AE2BD7D009F85F8 /* Int.swift */ = {isa = PBXFileReference; lastKnownFileType = sourcecode.swift; path = Int.swift; sourceTree = "<group>"; };
/* End PBXFileReference section */

/* Begin PBXFrameworksBuildPhase section */
		F2CE4BEA2AE26D8C009F85F8 /* Frameworks */ = {
			isa = PBXFrameworksBuildPhase;
			buildActionMask = 2147483647;
			files = (
				F2CE4C272AE29036009F85F8 /* SDWebImage in Frameworks */,
			);
			runOnlyForDeploymentPostprocessing = 0;
		};
/* End PBXFrameworksBuildPhase section */

/* Begin PBXGroup section */
		F2CE4BE42AE26D8C009F85F8 = {
			isa = PBXGroup;
			children = (
				F2CE4BEF2AE26D8C009F85F8 /* RepositorySearchApp */,
				F2CE4BEE2AE26D8C009F85F8 /* Products */,
			);
			sourceTree = "<group>";
		};
		F2CE4BEE2AE26D8C009F85F8 /* Products */ = {
			isa = PBXGroup;
			children = (
				F2CE4BED2AE26D8C009F85F8 /* RepositorySearchApp.app */,
			);
			name = Products;
			sourceTree = "<group>";
		};
		F2CE4BEF2AE26D8C009F85F8 /* RepositorySearchApp */ = {
			isa = PBXGroup;
			children = (
				F2CE4C132AE27D0F009F85F8 /* ApiServer */,
				F2CE4C102AE27640009F85F8 /* Extension */,
				F2CE4C0D2AE27202009F85F8 /* Library */,
				F2CE4C0A2AE26FDB009F85F8 /* Cell */,
				F2CE4C062AE26DE4009F85F8 /* Model */,
				F2CE4C042AE26DDA009F85F8 /* View */,
				F2CE4C072AE26DE7009F85F8 /* ViewModel */,
				F2CE4C052AE26DDE009F85F8 /* Controller */,
				F2CE4BF02AE26D8C009F85F8 /* AppDelegate.swift */,
				F2CE4BF22AE26D8C009F85F8 /* SceneDelegate.swift */,
				F2CE4BF92AE26D91009F85F8 /* Assets.xcassets */,
				F2CE4BFB2AE26D91009F85F8 /* LaunchScreen.storyboard */,
				F2CE4BFE2AE26D91009F85F8 /* Info.plist */,
			);
			path = RepositorySearchApp;
			sourceTree = "<group>";
		};
		F2CE4C042AE26DDA009F85F8 /* View */ = {
			isa = PBXGroup;
			children = (
				F2CE4C082AE26F28009F85F8 /* SearchListView.swift */,
				F2CE4C2A2AE2B6BF009F85F8 /* DetailView.swift */,
			);
			path = View;
			sourceTree = "<group>";
		};
		F2CE4C052AE26DDE009F85F8 /* Controller */ = {
			isa = PBXGroup;
			children = (
				F2CE4BF42AE26D8C009F85F8 /* SearchController.swift */,
				F2CE4C282AE2B681009F85F8 /* DetailController.swift */,
			);
			path = Controller;
			sourceTree = "<group>";
		};
		F2CE4C062AE26DE4009F85F8 /* Model */ = {
			isa = PBXGroup;
			children = (
				F2CE4C1E2AE27EBB009F85F8 /* RepositoryModel.swift */,
			);
			path = Model;
			sourceTree = "<group>";
		};
		F2CE4C072AE26DE7009F85F8 /* ViewModel */ = {
			isa = PBXGroup;
			children = (
				F2CE4C1C2AE27E11009F85F8 /* SearchViewModel.swift */,
			);
			path = ViewModel;
			sourceTree = "<group>";
		};
		F2CE4C0A2AE26FDB009F85F8 /* Cell */ = {
			isa = PBXGroup;
			children = (
				F2CE4C0B2AE26FE5009F85F8 /* SearchListCell.swift */,
			);
			path = Cell;
			sourceTree = "<group>";
		};
		F2CE4C0D2AE27202009F85F8 /* Library */ = {
			isa = PBXGroup;
			children = (
				F2CE4C0E2AE27215009F85F8 /* Config.swift */,
			);
			path = Library;
			sourceTree = "<group>";
		};
		F2CE4C102AE27640009F85F8 /* Extension */ = {
			isa = PBXGroup;
			children = (
				F2CE4C2C2AE2BD7D009F85F8 /* Int.swift */,
			);
			path = Extension;
			sourceTree = "<group>";
		};
		F2CE4C132AE27D0F009F85F8 /* ApiServer */ = {
			isa = PBXGroup;
			children = (
				F2CE4C172AE27D1F009F85F8 /* ApiError.swift */,
				F2CE4C142AE27D1F009F85F8 /* ApiMethod.swift */,
				F2CE4C152AE27D1F009F85F8 /* ApiRouter.swift */,
				F2CE4C162AE27D1F009F85F8 /* ApiServersModel.swift */,
				F2CE4C202AE28466009F85F8 /* ApiModel.swift */,
			);
			path = ApiServer;
			sourceTree = "<group>";
		};
/* End PBXGroup section */

/* Begin PBXNativeTarget section */
		F2CE4BEC2AE26D8C009F85F8 /* RepositorySearchApp */ = {
			isa = PBXNativeTarget;
			buildConfigurationList = F2CE4C012AE26D91009F85F8 /* Build configuration list for PBXNativeTarget "RepositorySearchApp" */;
			buildPhases = (
				F2CE4BE92AE26D8C009F85F8 /* Sources */,
				F2CE4BEA2AE26D8C009F85F8 /* Frameworks */,
				F2CE4BEB2AE26D8C009F85F8 /* Resources */,
			);
			buildRules = (
			);
			dependencies = (
			);
			name = RepositorySearchApp;
			packageProductDependencies = (
				F2CE4C262AE29036009F85F8 /* SDWebImage */,
			);
			productName = RepositorySearchApp;
			productReference = F2CE4BED2AE26D8C009F85F8 /* RepositorySearchApp.app */;
			productType = "com.apple.product-type.application";
		};
/* End PBXNativeTarget section */

/* Begin PBXProject section */
		F2CE4BE52AE26D8C009F85F8 /* Project object */ = {
			isa = PBXProject;
			attributes = {
				BuildIndependentTargetsInParallel = 1;
				LastSwiftUpdateCheck = 1410;
				LastUpgradeCheck = 1410;
				TargetAttributes = {
					F2CE4BEC2AE26D8C009F85F8 = {
						CreatedOnToolsVersion = 14.1;
					};
				};
			};
			buildConfigurationList = F2CE4BE82AE26D8C009F85F8 /* Build configuration list for PBXProject "RepositorySearchApp" */;
			compatibilityVersion = "Xcode 14.0";
			developmentRegion = en;
			hasScannedForEncodings = 0;
			knownRegions = (
				en,
				Base,
			);
			mainGroup = F2CE4BE42AE26D8C009F85F8;
			packageReferences = (
				F2CE4C252AE29036009F85F8 /* XCRemoteSwiftPackageReference "SDWebImage" */,
			);
			productRefGroup = F2CE4BEE2AE26D8C009F85F8 /* Products */;
			projectDirPath = "";
			projectRoot = "";
			targets = (
				F2CE4BEC2AE26D8C009F85F8 /* RepositorySearchApp */,
			);
		};
/* End PBXProject section */

/* Begin PBXResourcesBuildPhase section */
		F2CE4BEB2AE26D8C009F85F8 /* Resources */ = {
			isa = PBXResourcesBuildPhase;
			buildActionMask = 2147483647;
			files = (
				F2CE4BFD2AE26D91009F85F8 /* LaunchScreen.storyboard in Resources */,
				F2CE4BFA2AE26D91009F85F8 /* Assets.xcassets in Resources */,
			);
			runOnlyForDeploymentPostprocessing = 0;
		};
/* End PBXResourcesBuildPhase section */

/* Begin PBXSourcesBuildPhase section */
		F2CE4BE92AE26D8C009F85F8 /* Sources */ = {
			isa = PBXSourcesBuildPhase;
			buildActionMask = 2147483647;
			files = (
				F2CE4C1D2AE27E11009F85F8 /* SearchViewModel.swift in Sources */,
				F2CE4C212AE28466009F85F8 /* ApiModel.swift in Sources */,
				F2CE4C092AE26F28009F85F8 /* SearchListView.swift in Sources */,
				F2CE4C182AE27D1F009F85F8 /* ApiMethod.swift in Sources */,
				F2CE4C0C2AE26FE5009F85F8 /* SearchListCell.swift in Sources */,
				F2CE4C1B2AE27D1F009F85F8 /* ApiError.swift in Sources */,
				F2CE4C1A2AE27D1F009F85F8 /* ApiServersModel.swift in Sources */,
				F2CE4BF52AE26D8C009F85F8 /* SearchController.swift in Sources */,
				F2CE4C292AE2B681009F85F8 /* DetailController.swift in Sources */,
				F2CE4BF12AE26D8C009F85F8 /* AppDelegate.swift in Sources */,
				F2CE4C192AE27D1F009F85F8 /* ApiRouter.swift in Sources */,
				F2CE4C1F2AE27EBB009F85F8 /* RepositoryModel.swift in Sources */,
				F2CE4BF32AE26D8C009F85F8 /* SceneDelegate.swift in Sources */,
				F2CE4C2B2AE2B6BF009F85F8 /* DetailView.swift in Sources */,
				F2CE4C0F2AE27215009F85F8 /* Config.swift in Sources */,
				F2CE4C2D2AE2BD7D009F85F8 /* Int.swift in Sources */,
			);
			runOnlyForDeploymentPostprocessing = 0;
		};
/* End PBXSourcesBuildPhase section */

/* Begin PBXVariantGroup section */
		F2CE4BFB2AE26D91009F85F8 /* LaunchScreen.storyboard */ = {
			isa = PBXVariantGroup;
			children = (
				F2CE4BFC2AE26D91009F85F8 /* Base */,
			);
			name = LaunchScreen.storyboard;
			sourceTree = "<group>";
		};
/* End PBXVariantGroup section */

/* Begin XCBuildConfiguration section */
		F2CE4BFF2AE26D91009F85F8 /* Debug */ = {
			isa = XCBuildConfiguration;
			buildSettings = {
				ALWAYS_SEARCH_USER_PATHS = NO;
				CLANG_ANALYZER_NONNULL = YES;
				CLANG_ANALYZER_NUMBER_OBJECT_CONVERSION = YES_AGGRESSIVE;
				CLANG_CXX_LANGUAGE_STANDARD = "gnu++20";
				CLANG_ENABLE_MODULES = YES;
				CLANG_ENABLE_OBJC_ARC = YES;
				CLANG_ENABLE_OBJC_WEAK = YES;
				CLANG_WARN_BLOCK_CAPTURE_AUTORELEASING = YES;
				CLANG_WARN_BOOL_CONVERSION = YES;
				CLANG_WARN_COMMA = YES;
				CLANG_WARN_CONSTANT_CONVERSION = YES;
				CLANG_WARN_DEPRECATED_OBJC_IMPLEMENTATIONS = YES;
				CLANG_WARN_DIRECT_OBJC_ISA_USAGE = YES_ERROR;
				CLANG_WARN_DOCUMENTATION_COMMENTS = YES;
				CLANG_WARN_EMPTY_BODY = YES;
				CLANG_WARN_ENUM_CONVERSION = YES;
				CLANG_WARN_INFINITE_RECURSION = YES;
				CLANG_WARN_INT_CONVERSION = YES;
				CLANG_WARN_NON_LITERAL_NULL_CONVERSION = YES;
				CLANG_WARN_OBJC_IMPLICIT_RETAIN_SELF = YES;
				CLANG_WARN_OBJC_LITERAL_CONVERSION = YES;
				CLANG_WARN_OBJC_ROOT_CLASS = YES_ERROR;
				CLANG_WARN_QUOTED_INCLUDE_IN_FRAMEWORK_HEADER = YES;
				CLANG_WARN_RANGE_LOOP_ANALYSIS = YES;
				CLANG_WARN_STRICT_PROTOTYPES = YES;
				CLANG_WARN_SUSPICIOUS_MOVE = YES;
				CLANG_WARN_UNGUARDED_AVAILABILITY = YES_AGGRESSIVE;
				CLANG_WARN_UNREACHABLE_CODE = YES;
				CLANG_WARN__DUPLICATE_METHOD_MATCH = YES;
				COPY_PHASE_STRIP = NO;
				DEBUG_INFORMATION_FORMAT = dwarf;
				ENABLE_STRICT_OBJC_MSGSEND = YES;
				ENABLE_TESTABILITY = YES;
				GCC_C_LANGUAGE_STANDARD = gnu11;
				GCC_DYNAMIC_NO_PIC = NO;
				GCC_NO_COMMON_BLOCKS = YES;
				GCC_OPTIMIZATION_LEVEL = 0;
				GCC_PREPROCESSOR_DEFINITIONS = (
					"DEBUG=1",
					"$(inherited)",
				);
				GCC_WARN_64_TO_32_BIT_CONVERSION = YES;
				GCC_WARN_ABOUT_RETURN_TYPE = YES_ERROR;
				GCC_WARN_UNDECLARED_SELECTOR = YES;
				GCC_WARN_UNINITIALIZED_AUTOS = YES_AGGRESSIVE;
				GCC_WARN_UNUSED_FUNCTION = YES;
				GCC_WARN_UNUSED_VARIABLE = YES;
				IPHONEOS_DEPLOYMENT_TARGET = 13.0;
				MTL_ENABLE_DEBUG_INFO = INCLUDE_SOURCE;
				MTL_FAST_MATH = YES;
				ONLY_ACTIVE_ARCH = YES;
				SDKROOT = iphoneos;
				SWIFT_ACTIVE_COMPILATION_CONDITIONS = DEBUG;
				SWIFT_OPTIMIZATION_LEVEL = "-Onone";
			};
			name = Debug;
		};
		F2CE4C002AE26D91009F85F8 /* Release */ = {
			isa = XCBuildConfiguration;
			buildSettings = {
				ALWAYS_SEARCH_USER_PATHS = NO;
				CLANG_ANALYZER_NONNULL = YES;
				CLANG_ANALYZER_NUMBER_OBJECT_CONVERSION = YES_AGGRESSIVE;
				CLANG_CXX_LANGUAGE_STANDARD = "gnu++20";
				CLANG_ENABLE_MODULES = YES;
				CLANG_ENABLE_OBJC_ARC = YES;
				CLANG_ENABLE_OBJC_WEAK = YES;
				CLANG_WARN_BLOCK_CAPTURE_AUTORELEASING = YES;
				CLANG_WARN_BOOL_CONVERSION = YES;
				CLANG_WARN_COMMA = YES;
				CLANG_WARN_CONSTANT_CONVERSION = YES;
				CLANG_WARN_DEPRECATED_OBJC_IMPLEMENTATIONS = YES;
				CLANG_WARN_DIRECT_OBJC_ISA_USAGE = YES_ERROR;
				CLANG_WARN_DOCUMENTATION_COMMENTS = YES;
				CLANG_WARN_EMPTY_BODY = YES;
				CLANG_WARN_ENUM_CONVERSION = YES;
				CLANG_WARN_INFINITE_RECURSION = YES;
				CLANG_WARN_INT_CONVERSION = YES;
				CLANG_WARN_NON_LITERAL_NULL_CONVERSION = YES;
				CLANG_WARN_OBJC_IMPLICIT_RETAIN_SELF = YES;
				CLANG_WARN_OBJC_LITERAL_CONVERSION = YES;
				CLANG_WARN_OBJC_ROOT_CLASS = YES_ERROR;
				CLANG_WARN_QUOTED_INCLUDE_IN_FRAMEWORK_HEADER = YES;
				CLANG_WARN_RANGE_LOOP_ANALYSIS = YES;
				CLANG_WARN_STRICT_PROTOTYPES = YES;
				CLANG_WARN_SUSPICIOUS_MOVE = YES;
				CLANG_WARN_UNGUARDED_AVAILABILITY = YES_AGGRESSIVE;
				CLANG_WARN_UNREACHABLE_CODE = YES;
				CLANG_WARN__DUPLICATE_METHOD_MATCH = YES;
				COPY_PHASE_STRIP = NO;
				DEBUG_INFORMATION_FORMAT = "dwarf-with-dsym";
				ENABLE_NS_ASSERTIONS = NO;
				ENABLE_STRICT_OBJC_MSGSEND = YES;
				GCC_C_LANGUAGE_STANDARD = gnu11;
				GCC_NO_COMMON_BLOCKS = YES;
				GCC_WARN_64_TO_32_BIT_CONVERSION = YES;
				GCC_WARN_ABOUT_RETURN_TYPE = YES_ERROR;
				GCC_WARN_UNDECLARED_SELECTOR = YES;
				GCC_WARN_UNINITIALIZED_AUTOS = YES_AGGRESSIVE;
				GCC_WARN_UNUSED_FUNCTION = YES;
				GCC_WARN_UNUSED_VARIABLE = YES;
				IPHONEOS_DEPLOYMENT_TARGET = 13.0;
				MTL_ENABLE_DEBUG_INFO = NO;
				MTL_FAST_MATH = YES;
				SDKROOT = iphoneos;
				SWIFT_COMPILATION_MODE = wholemodule;
				SWIFT_OPTIMIZATION_LEVEL = "-O";
				VALIDATE_PRODUCT = YES;
			};
			name = Release;
		};
		F2CE4C022AE26D91009F85F8 /* Debug */ = {
			isa = XCBuildConfiguration;
			buildSettings = {
				ASSETCATALOG_COMPILER_APPICON_NAME = AppIcon;
				ASSETCATALOG_COMPILER_GLOBAL_ACCENT_COLOR_NAME = AccentColor;
				CODE_SIGN_STYLE = Automatic;
				CURRENT_PROJECT_VERSION = 1;
				DEVELOPMENT_TEAM = QNX4TMYK85;
				GENERATE_INFOPLIST_FILE = YES;
				INFOPLIST_FILE = RepositorySearchApp/Info.plist;
				INFOPLIST_KEY_UIApplicationSupportsIndirectInputEvents = YES;
				INFOPLIST_KEY_UILaunchStoryboardName = LaunchScreen;
				INFOPLIST_KEY_UISupportedInterfaceOrientations_iPad = "UIInterfaceOrientationPortrait UIInterfaceOrientationPortraitUpsideDown UIInterfaceOrientationLandscapeLeft UIInterfaceOrientationLandscapeRight";
				INFOPLIST_KEY_UISupportedInterfaceOrientations_iPhone = "UIInterfaceOrientationPortrait UIInterfaceOrientationLandscapeLeft UIInterfaceOrientationLandscapeRight";
				IPHONEOS_DEPLOYMENT_TARGET = 13.0;
				LD_RUNPATH_SEARCH_PATHS = (
					"$(inherited)",
					"@executable_path/Frameworks",
				);
				MARKETING_VERSION = 1.0;
				PRODUCT_BUNDLE_IDENTIFIER = company.RepositorySearchApp;
				PRODUCT_NAME = "$(TARGET_NAME)";
				SWIFT_EMIT_LOC_STRINGS = YES;
				SWIFT_VERSION = 5.0;
				TARGETED_DEVICE_FAMILY = "1,2";
			};
			name = Debug;
		};
		F2CE4C032AE26D91009F85F8 /* Release */ = {
			isa = XCBuildConfiguration;
			buildSettings = {
				ASSETCATALOG_COMPILER_APPICON_NAME = AppIcon;
				ASSETCATALOG_COMPILER_GLOBAL_ACCENT_COLOR_NAME = AccentColor;
				CODE_SIGN_STYLE = Automatic;
				CURRENT_PROJECT_VERSION = 1;
				DEVELOPMENT_TEAM = QNX4TMYK85;
				GENERATE_INFOPLIST_FILE = YES;
				INFOPLIST_FILE = RepositorySearchApp/Info.plist;
				INFOPLIST_KEY_UIApplicationSupportsIndirectInputEvents = YES;
				INFOPLIST_KEY_UILaunchStoryboardName = LaunchScreen;
				INFOPLIST_KEY_UISupportedInterfaceOrientations_iPad = "UIInterfaceOrientationPortrait UIInterfaceOrientationPortraitUpsideDown UIInterfaceOrientationLandscapeLeft UIInterfaceOrientationLandscapeRight";
				INFOPLIST_KEY_UISupportedInterfaceOrientations_iPhone = "UIInterfaceOrientationPortrait UIInterfaceOrientationLandscapeLeft UIInterfaceOrientationLandscapeRight";
				IPHONEOS_DEPLOYMENT_TARGET = 13.0;
				LD_RUNPATH_SEARCH_PATHS = (
					"$(inherited)",
					"@executable_path/Frameworks",
				);
				MARKETING_VERSION = 1.0;
				PRODUCT_BUNDLE_IDENTIFIER = company.RepositorySearchApp;
				PRODUCT_NAME = "$(TARGET_NAME)";
				SWIFT_EMIT_LOC_STRINGS = YES;
				SWIFT_VERSION = 5.0;
				TARGETED_DEVICE_FAMILY = "1,2";
			};
			name = Release;
		};
/* End XCBuildConfiguration section */

/* Begin XCConfigurationList section */
		F2CE4BE82AE26D8C009F85F8 /* Build configuration list for PBXProject "RepositorySearchApp" */ = {
			isa = XCConfigurationList;
			buildConfigurations = (
				F2CE4BFF2AE26D91009F85F8 /* Debug */,
				F2CE4C002AE26D91009F85F8 /* Release */,
			);
			defaultConfigurationIsVisible = 0;
			defaultConfigurationName = Release;
		};
		F2CE4C012AE26D91009F85F8 /* Build configuration list for PBXNativeTarget "RepositorySearchApp" */ = {
			isa = XCConfigurationList;
			buildConfigurations = (
				F2CE4C022AE26D91009F85F8 /* Debug */,
				F2CE4C032AE26D91009F85F8 /* Release */,
			);
			defaultConfigurationIsVisible = 0;
			defaultConfigurationName = Release;
		};
/* End XCConfigurationList section */

/* Begin XCRemoteSwiftPackageReference section */
		F2CE4C252AE29036009F85F8 /* XCRemoteSwiftPackageReference "SDWebImage" */ = {
			isa = XCRemoteSwiftPackageReference;
			repositoryURL = "https://github.com/SDWebImage/SDWebImage.git";
			requirement = {
				branch = master;
				kind = branch;
			};
		};
/* End XCRemoteSwiftPackageReference section */

/* Begin XCSwiftPackageProductDependency section */
		F2CE4C262AE29036009F85F8 /* SDWebImage */ = {
			isa = XCSwiftPackageProductDependency;
			package = F2CE4C252AE29036009F85F8 /* XCRemoteSwiftPackageReference "SDWebImage" */;
			productName = SDWebImage;
		};
/* End XCSwiftPackageProductDependency section */
	};
	rootObject = F2CE4BE52AE26D8C009F85F8 /* Project object */;
}
